
Microsoft Visual Studio Solution File, Format Version 12.00
# Visual Studio 15
VisualStudioVersion = 15.0.28307.645
MinimumVisualStudioVersion = 10.0.40219.1
Project("{FAE04EC0-301F-11D3-BF4B-00C04F79EFBC}") = "Vidly", "Vidly\Vidly.csproj", "{D7920F4E-EC8D-4707-8725-EA1E1D43E0B9}"
EndProject
Project("{FAE04EC0-301F-11D3-BF4B-00C04F79EFBC}") = "Vidly.Tests", "Vidly.Tests\Vidly.Tests.csproj", "{362D97A7-B0D0-4850-9E89-1954D5E15AE0}"
EndProject
Global
	GlobalSection(SolutionConfigurationPlatforms) = preSolution
		Debug|Any CPU = Debug|Any CPU
		Release|Any CPU = Release|Any CPU
	EndGlobalSection
	GlobalSection(ProjectConfigurationPlatforms) = postSolution
		{D7920F4E-EC8D-4707-8725-EA1E1D43E0B9}.Debug|Any CPU.ActiveCfg = Debug|Any CPU
		{D7920F4E-EC8D-4707-8725-EA1E1D43E0B9}.Debug|Any CPU.Build.0 = Debug|Any CPU
		{D7920F4E-EC8D-4707-8725-EA1E1D43E0B9}.Release|Any CPU.ActiveCfg = Release|Any CPU
		{D7920F4E-EC8D-4707-8725-EA1E1D43E0B9}.Release|Any CPU.Build.0 = Release|Any CPU
		{362D97A7-B0D0-4850-9E89-1954D5E15AE0}.Debug|Any CPU.ActiveCfg = Debug|Any CPU
		{362D97A7-B0D0-4850-9E89-1954D5E15AE0}.Debug|Any CPU.Build.0 = Debug|Any CPU
		{362D97A7-B0D0-4850-9E89-1954D5E15AE0}.Release|Any CPU.ActiveCfg = Release|Any CPU
		{362D97A7-B0D0-4850-9E89-1954D5E15AE0}.Release|Any CPU.Build.0 = Release|Any CPU
	EndGlobalSection
	GlobalSection(SolutionProperties) = preSolution
		HideSolutionNode = FALSE
	EndGlobalSection
	GlobalSection(ExtensibilityGlobals) = postSolution
		SolutionGuid = {F0560644-993B-4F77-9711-2FECA0A360B5}
	EndGlobalSection
EndGlobal
